// !$*UTF8*$!
{
	archiveVersion = 1;
	classes = {
	};
	objectVersion = 51;
	objects = {

/* Begin PBXBuildFile section */
		0C292E1724DE2FFA00DDDFFB /* main.jsbundle in Resources */ = {isa = PBXBuildFile; fileRef = 0C292E1624DE2FFA00DDDFFB /* main.jsbundle */; };
		0C292E1924DE4AF500DDDFFB /* RNViewManager.swift in Sources */ = {isa = PBXBuildFile; fileRef = 0C292E1824DE4AF500DDDFFB /* RNViewManager.swift */; };
		0C35F1AE24DE1A2C00662D30 /* AppDelegate.swift in Sources */ = {isa = PBXBuildFile; fileRef = 0C35F1AD24DE1A2C00662D30 /* AppDelegate.swift */; };
		0C35F1B024DE1A2C00662D30 /* SceneDelegate.swift in Sources */ = {isa = PBXBuildFile; fileRef = 0C35F1AF24DE1A2C00662D30 /* SceneDelegate.swift */; };
		0C35F1B224DE1A2C00662D30 /* HomeViewController.swift in Sources */ = {isa = PBXBuildFile; fileRef = 0C35F1B124DE1A2C00662D30 /* HomeViewController.swift */; };
		0C35F1B524DE1A2C00662D30 /* Main.storyboard in Resources */ = {isa = PBXBuildFile; fileRef = 0C35F1B324DE1A2C00662D30 /* Main.storyboard */; };
		0C35F1B724DE1A2D00662D30 /* Assets.xcassets in Resources */ = {isa = PBXBuildFile; fileRef = 0C35F1B624DE1A2D00662D30 /* Assets.xcassets */; };
		0C35F1BA24DE1A2D00662D30 /* LaunchScreen.storyboard in Resources */ = {isa = PBXBuildFile; fileRef = 0C35F1B824DE1A2D00662D30 /* LaunchScreen.storyboard */; };
		0C35F1C524DE1A2E00662D30 /* CH_TestingTests.swift in Sources */ = {isa = PBXBuildFile; fileRef = 0C35F1C424DE1A2E00662D30 /* CH_TestingTests.swift */; };
		0C35F1D024DE1A2E00662D30 /* CH_TestingUITests.swift in Sources */ = {isa = PBXBuildFile; fileRef = 0C35F1CF24DE1A2E00662D30 /* CH_TestingUITests.swift */; };
		0C35F1E024DE1D5A00662D30 /* _TextbookViewController.swift in Sources */ = {isa = PBXBuildFile; fileRef = 0C35F1DF24DE1D5A00662D30 /* _TextbookViewController.swift */; };
		7328F99B67701854DD2C2F89 /* Pods_CH_Testing_CH_TestingUITests.framework in Frameworks */ = {isa = PBXBuildFile; fileRef = E08410BDD126252D4DC13D7B /* Pods_CH_Testing_CH_TestingUITests.framework */; };
		798EAC0DF42ECD8B83DC0D9E /* Pods_CH_TestingTests.framework in Frameworks */ = {isa = PBXBuildFile; fileRef = EA0B4DEE5C7B6DE21BF9940C /* Pods_CH_TestingTests.framework */; };
		EBBBFB88D2255C08EE7B99FB /* Pods_CH_Testing.framework in Frameworks */ = {isa = PBXBuildFile; fileRef = F90783A8FA45F4B39659D2F0 /* Pods_CH_Testing.framework */; };
/* End PBXBuildFile section */

/* Begin PBXContainerItemProxy section */
		0C35F1C124DE1A2E00662D30 /* PBXContainerItemProxy */ = {
			isa = PBXContainerItemProxy;
			containerPortal = 0C35F1A224DE1A2C00662D30 /* Project object */;
			proxyType = 1;
			remoteGlobalIDString = 0C35F1A924DE1A2C00662D30;
			remoteInfo = "CH-Testing";
		};
		0C35F1CC24DE1A2E00662D30 /* PBXContainerItemProxy */ = {
			isa = PBXContainerItemProxy;
			containerPortal = 0C35F1A224DE1A2C00662D30 /* Project object */;
			proxyType = 1;
			remoteGlobalIDString = 0C35F1A924DE1A2C00662D30;
			remoteInfo = "CH-Testing";
		};
/* End PBXContainerItemProxy section */

/* Begin PBXFileReference section */
		0C292E1624DE2FFA00DDDFFB /* main.jsbundle */ = {isa = PBXFileReference; fileEncoding = 4; lastKnownFileType = text; path = main.jsbundle; sourceTree = "<group>"; };
		0C292E1824DE4AF500DDDFFB /* RNViewManager.swift */ = {isa = PBXFileReference; lastKnownFileType = sourcecode.swift; path = RNViewManager.swift; sourceTree = "<group>"; };
		0C35F1AA24DE1A2C00662D30 /* CH-Testing.app */ = {isa = PBXFileReference; explicitFileType = wrapper.application; includeInIndex = 0; path = "CH-Testing.app"; sourceTree = BUILT_PRODUCTS_DIR; };
		0C35F1AD24DE1A2C00662D30 /* AppDelegate.swift */ = {isa = PBXFileReference; lastKnownFileType = sourcecode.swift; path = AppDelegate.swift; sourceTree = "<group>"; };
		0C35F1AF24DE1A2C00662D30 /* SceneDelegate.swift */ = {isa = PBXFileReference; lastKnownFileType = sourcecode.swift; path = SceneDelegate.swift; sourceTree = "<group>"; };
		0C35F1B124DE1A2C00662D30 /* HomeViewController.swift */ = {isa = PBXFileReference; lastKnownFileType = sourcecode.swift; path = HomeViewController.swift; sourceTree = "<group>"; };
		0C35F1B424DE1A2C00662D30 /* Base */ = {isa = PBXFileReference; lastKnownFileType = file.storyboard; name = Base; path = Base.lproj/Main.storyboard; sourceTree = "<group>"; };
		0C35F1B624DE1A2D00662D30 /* Assets.xcassets */ = {isa = PBXFileReference; lastKnownFileType = folder.assetcatalog; path = Assets.xcassets; sourceTree = "<group>"; };
		0C35F1B924DE1A2D00662D30 /* Base */ = {isa = PBXFileReference; lastKnownFileType = file.storyboard; name = Base; path = Base.lproj/LaunchScreen.storyboard; sourceTree = "<group>"; };
		0C35F1BB24DE1A2D00662D30 /* Info.plist */ = {isa = PBXFileReference; lastKnownFileType = text.plist.xml; path = Info.plist; sourceTree = "<group>"; };
		0C35F1C024DE1A2E00662D30 /* CH-TestingTests.xctest */ = {isa = PBXFileReference; explicitFileType = wrapper.cfbundle; includeInIndex = 0; path = "CH-TestingTests.xctest"; sourceTree = BUILT_PRODUCTS_DIR; };
		0C35F1C424DE1A2E00662D30 /* CH_TestingTests.swift */ = {isa = PBXFileReference; lastKnownFileType = sourcecode.swift; path = CH_TestingTests.swift; sourceTree = "<group>"; };
		0C35F1C624DE1A2E00662D30 /* Info.plist */ = {isa = PBXFileReference; lastKnownFileType = text.plist.xml; path = Info.plist; sourceTree = "<group>"; };
		0C35F1CB24DE1A2E00662D30 /* CH-TestingUITests.xctest */ = {isa = PBXFileReference; explicitFileType = wrapper.cfbundle; includeInIndex = 0; path = "CH-TestingUITests.xctest"; sourceTree = BUILT_PRODUCTS_DIR; };
		0C35F1CF24DE1A2E00662D30 /* CH_TestingUITests.swift */ = {isa = PBXFileReference; lastKnownFileType = sourcecode.swift; path = CH_TestingUITests.swift; sourceTree = "<group>"; };
		0C35F1D124DE1A2E00662D30 /* Info.plist */ = {isa = PBXFileReference; lastKnownFileType = text.plist.xml; path = Info.plist; sourceTree = "<group>"; };
		0C35F1DF24DE1D5A00662D30 /* _TextbookViewController.swift */ = {isa = PBXFileReference; lastKnownFileType = sourcecode.swift; path = _TextbookViewController.swift; sourceTree = "<group>"; };
		0C35F1E224DE277400662D30 /* Header.h */ = {isa = PBXFileReference; lastKnownFileType = sourcecode.c.h; name = Header.h; path = "CH-Testing/Header.h"; sourceTree = "<group>"; };
		2A10D41242F5B02AB104E5AD /* Pods-CH-Testing-CH-TestingUITests.debug.xcconfig */ = {isa = PBXFileReference; includeInIndex = 1; lastKnownFileType = text.xcconfig; name = "Pods-CH-Testing-CH-TestingUITests.debug.xcconfig"; path = "Target Support Files/Pods-CH-Testing-CH-TestingUITests/Pods-CH-Testing-CH-TestingUITests.debug.xcconfig"; sourceTree = "<group>"; };
		4B98F0DDD9D6717EEA570643 /* Pods-CH-Testing-CH-TestingUITests.release.xcconfig */ = {isa = PBXFileReference; includeInIndex = 1; lastKnownFileType = text.xcconfig; name = "Pods-CH-Testing-CH-TestingUITests.release.xcconfig"; path = "Target Support Files/Pods-CH-Testing-CH-TestingUITests/Pods-CH-Testing-CH-TestingUITests.release.xcconfig"; sourceTree = "<group>"; };
		624618E4843AB6ECFB3D69B6 /* Pods-CH-Testing.release.xcconfig */ = {isa = PBXFileReference; includeInIndex = 1; lastKnownFileType = text.xcconfig; name = "Pods-CH-Testing.release.xcconfig"; path = "Target Support Files/Pods-CH-Testing/Pods-CH-Testing.release.xcconfig"; sourceTree = "<group>"; };
		6B941618F67F9D245D41D747 /* Pods-CH-TestingTests.debug.xcconfig */ = {isa = PBXFileReference; includeInIndex = 1; lastKnownFileType = text.xcconfig; name = "Pods-CH-TestingTests.debug.xcconfig"; path = "Target Support Files/Pods-CH-TestingTests/Pods-CH-TestingTests.debug.xcconfig"; sourceTree = "<group>"; };
		D6B23D40034B4C0433312CFA /* Pods-CH-TestingTests.release.xcconfig */ = {isa = PBXFileReference; includeInIndex = 1; lastKnownFileType = text.xcconfig; name = "Pods-CH-TestingTests.release.xcconfig"; path = "Target Support Files/Pods-CH-TestingTests/Pods-CH-TestingTests.release.xcconfig"; sourceTree = "<group>"; };
		D768B08250EC310143EB655A /* Pods-CH-Testing.debug.xcconfig */ = {isa = PBXFileReference; includeInIndex = 1; lastKnownFileType = text.xcconfig; name = "Pods-CH-Testing.debug.xcconfig"; path = "Target Support Files/Pods-CH-Testing/Pods-CH-Testing.debug.xcconfig"; sourceTree = "<group>"; };
		E08410BDD126252D4DC13D7B /* Pods_CH_Testing_CH_TestingUITests.framework */ = {isa = PBXFileReference; explicitFileType = wrapper.framework; includeInIndex = 0; path = Pods_CH_Testing_CH_TestingUITests.framework; sourceTree = BUILT_PRODUCTS_DIR; };
		EA0B4DEE5C7B6DE21BF9940C /* Pods_CH_TestingTests.framework */ = {isa = PBXFileReference; explicitFileType = wrapper.framework; includeInIndex = 0; path = Pods_CH_TestingTests.framework; sourceTree = BUILT_PRODUCTS_DIR; };
		F90783A8FA45F4B39659D2F0 /* Pods_CH_Testing.framework */ = {isa = PBXFileReference; explicitFileType = wrapper.framework; includeInIndex = 0; path = Pods_CH_Testing.framework; sourceTree = BUILT_PRODUCTS_DIR; };
/* End PBXFileReference section */

/* Begin PBXFrameworksBuildPhase section */
		0C35F1A724DE1A2C00662D30 /* Frameworks */ = {
			isa = PBXFrameworksBuildPhase;
			buildActionMask = 2147483647;
			files = (
				EBBBFB88D2255C08EE7B99FB /* Pods_CH_Testing.framework in Frameworks */,
			);
			runOnlyForDeploymentPostprocessing = 0;
		};
		0C35F1BD24DE1A2E00662D30 /* Frameworks */ = {
			isa = PBXFrameworksBuildPhase;
			buildActionMask = 2147483647;
			files = (
				798EAC0DF42ECD8B83DC0D9E /* Pods_CH_TestingTests.framework in Frameworks */,
			);
			runOnlyForDeploymentPostprocessing = 0;
		};
		0C35F1C824DE1A2E00662D30 /* Frameworks */ = {
			isa = PBXFrameworksBuildPhase;
			buildActionMask = 2147483647;
			files = (
				7328F99B67701854DD2C2F89 /* Pods_CH_Testing_CH_TestingUITests.framework in Frameworks */,
			);
			runOnlyForDeploymentPostprocessing = 0;
		};
/* End PBXFrameworksBuildPhase section */

/* Begin PBXGroup section */
		0C35F1A124DE1A2C00662D30 = {
			isa = PBXGroup;
			children = (
				0C35F1E224DE277400662D30 /* Header.h */,
				0C292E1624DE2FFA00DDDFFB /* main.jsbundle */,
				0C35F1AC24DE1A2C00662D30 /* CH-Testing */,
				0C35F1C324DE1A2E00662D30 /* CH-TestingTests */,
				0C35F1CE24DE1A2E00662D30 /* CH-TestingUITests */,
				0C35F1AB24DE1A2C00662D30 /* Products */,
				376789D589702BCFAAEF58A9 /* Pods */,
				58B279BF407B4A8BC5425FDD /* Frameworks */,
			);
			sourceTree = "<group>";
		};
		0C35F1AB24DE1A2C00662D30 /* Products */ = {
			isa = PBXGroup;
			children = (
				0C35F1AA24DE1A2C00662D30 /* CH-Testing.app */,
				0C35F1C024DE1A2E00662D30 /* CH-TestingTests.xctest */,
				0C35F1CB24DE1A2E00662D30 /* CH-TestingUITests.xctest */,
			);
			name = Products;
			sourceTree = "<group>";
		};
		0C35F1AC24DE1A2C00662D30 /* CH-Testing */ = {
			isa = PBXGroup;
			children = (
				0C35F1E124DE1DDE00662D30 /* View Controllers */,
				0C35F1AD24DE1A2C00662D30 /* AppDelegate.swift */,
				0C35F1AF24DE1A2C00662D30 /* SceneDelegate.swift */,
				0C35F1B324DE1A2C00662D30 /* Main.storyboard */,
				0C35F1B624DE1A2D00662D30 /* Assets.xcassets */,
				0C35F1B824DE1A2D00662D30 /* LaunchScreen.storyboard */,
				0C35F1BB24DE1A2D00662D30 /* Info.plist */,
				0C292E1824DE4AF500DDDFFB /* RNViewManager.swift */,
			);
			path = "CH-Testing";
			sourceTree = "<group>";
		};
		0C35F1C324DE1A2E00662D30 /* CH-TestingTests */ = {
			isa = PBXGroup;
			children = (
				0C35F1C424DE1A2E00662D30 /* CH_TestingTests.swift */,
				0C35F1C624DE1A2E00662D30 /* Info.plist */,
			);
			path = "CH-TestingTests";
			sourceTree = "<group>";
		};
		0C35F1CE24DE1A2E00662D30 /* CH-TestingUITests */ = {
			isa = PBXGroup;
			children = (
				0C35F1CF24DE1A2E00662D30 /* CH_TestingUITests.swift */,
				0C35F1D124DE1A2E00662D30 /* Info.plist */,
			);
			path = "CH-TestingUITests";
			sourceTree = "<group>";
		};
		0C35F1E124DE1DDE00662D30 /* View Controllers */ = {
			isa = PBXGroup;
			children = (
				0C35F1DF24DE1D5A00662D30 /* _TextbookViewController.swift */,
				0C35F1B124DE1A2C00662D30 /* HomeViewController.swift */,
			);
			path = "View Controllers";
			sourceTree = "<group>";
		};
		376789D589702BCFAAEF58A9 /* Pods */ = {
			isa = PBXGroup;
			children = (
				D768B08250EC310143EB655A /* Pods-CH-Testing.debug.xcconfig */,
				624618E4843AB6ECFB3D69B6 /* Pods-CH-Testing.release.xcconfig */,
				2A10D41242F5B02AB104E5AD /* Pods-CH-Testing-CH-TestingUITests.debug.xcconfig */,
				4B98F0DDD9D6717EEA570643 /* Pods-CH-Testing-CH-TestingUITests.release.xcconfig */,
				6B941618F67F9D245D41D747 /* Pods-CH-TestingTests.debug.xcconfig */,
				D6B23D40034B4C0433312CFA /* Pods-CH-TestingTests.release.xcconfig */,
			);
			path = Pods;
			sourceTree = "<group>";
		};
		58B279BF407B4A8BC5425FDD /* Frameworks */ = {
			isa = PBXGroup;
			children = (
				F90783A8FA45F4B39659D2F0 /* Pods_CH_Testing.framework */,
				E08410BDD126252D4DC13D7B /* Pods_CH_Testing_CH_TestingUITests.framework */,
				EA0B4DEE5C7B6DE21BF9940C /* Pods_CH_TestingTests.framework */,
			);
			name = Frameworks;
			sourceTree = "<group>";
		};
/* End PBXGroup section */

/* Begin PBXNativeTarget section */
		0C35F1A924DE1A2C00662D30 /* CH-Testing */ = {
			isa = PBXNativeTarget;
			buildConfigurationList = 0C35F1D424DE1A2E00662D30 /* Build configuration list for PBXNativeTarget "CH-Testing" */;
			buildPhases = (
				14E4683D9D795663C26A963E /* [CP] Check Pods Manifest.lock */,
				0C35F1A624DE1A2C00662D30 /* Sources */,
				0C35F1A724DE1A2C00662D30 /* Frameworks */,
				0C35F1A824DE1A2C00662D30 /* Resources */,
				155EE9A683A2F11A60AC3177 /* [CP] Embed Pods Frameworks */,
			);
			buildRules = (
			);
			dependencies = (
			);
			name = "CH-Testing";
			productName = "CH-Testing";
			productReference = 0C35F1AA24DE1A2C00662D30 /* CH-Testing.app */;
			productType = "com.apple.product-type.application";
		};
		0C35F1BF24DE1A2E00662D30 /* CH-TestingTests */ = {
			isa = PBXNativeTarget;
			buildConfigurationList = 0C35F1D724DE1A2E00662D30 /* Build configuration list for PBXNativeTarget "CH-TestingTests" */;
			buildPhases = (
				BB4CF6BC8309D18DDAAE67A5 /* [CP] Check Pods Manifest.lock */,
				0C35F1BC24DE1A2E00662D30 /* Sources */,
				0C35F1BD24DE1A2E00662D30 /* Frameworks */,
				0C35F1BE24DE1A2E00662D30 /* Resources */,
			);
			buildRules = (
			);
			dependencies = (
				0C35F1C224DE1A2E00662D30 /* PBXTargetDependency */,
			);
			name = "CH-TestingTests";
			productName = "CH-TestingTests";
			productReference = 0C35F1C024DE1A2E00662D30 /* CH-TestingTests.xctest */;
			productType = "com.apple.product-type.bundle.unit-test";
		};
		0C35F1CA24DE1A2E00662D30 /* CH-TestingUITests */ = {
			isa = PBXNativeTarget;
			buildConfigurationList = 0C35F1DA24DE1A2E00662D30 /* Build configuration list for PBXNativeTarget "CH-TestingUITests" */;
			buildPhases = (
				0B48BF7A12A6E863FBB32EC0 /* [CP] Check Pods Manifest.lock */,
				0C35F1C724DE1A2E00662D30 /* Sources */,
				0C35F1C824DE1A2E00662D30 /* Frameworks */,
				0C35F1C924DE1A2E00662D30 /* Resources */,
				289BA3BC0F05BE5580D38711 /* [CP] Embed Pods Frameworks */,
			);
			buildRules = (
			);
			dependencies = (
				0C35F1CD24DE1A2E00662D30 /* PBXTargetDependency */,
			);
			name = "CH-TestingUITests";
			productName = "CH-TestingUITests";
			productReference = 0C35F1CB24DE1A2E00662D30 /* CH-TestingUITests.xctest */;
			productType = "com.apple.product-type.bundle.ui-testing";
		};
/* End PBXNativeTarget section */

/* Begin PBXProject section */
		0C35F1A224DE1A2C00662D30 /* Project object */ = {
			isa = PBXProject;
			attributes = {
				LastSwiftUpdateCheck = 1160;
				LastUpgradeCheck = 1160;
				ORGANIZATIONNAME = "Henry Arbolaez";
				TargetAttributes = {
					0C35F1A924DE1A2C00662D30 = {
						CreatedOnToolsVersion = 11.6;
					};
					0C35F1BF24DE1A2E00662D30 = {
						CreatedOnToolsVersion = 11.6;
						TestTargetID = 0C35F1A924DE1A2C00662D30;
					};
					0C35F1CA24DE1A2E00662D30 = {
						CreatedOnToolsVersion = 11.6;
						TestTargetID = 0C35F1A924DE1A2C00662D30;
					};
				};
			};
			buildConfigurationList = 0C35F1A524DE1A2C00662D30 /* Build configuration list for PBXProject "CH-Testing" */;
			compatibilityVersion = "Xcode 9.3";
			developmentRegion = en;
			hasScannedForEncodings = 0;
			knownRegions = (
				en,
				Base,
			);
			mainGroup = 0C35F1A124DE1A2C00662D30;
			productRefGroup = 0C35F1AB24DE1A2C00662D30 /* Products */;
			projectDirPath = "";
			projectRoot = "";
			targets = (
				0C35F1A924DE1A2C00662D30 /* CH-Testing */,
				0C35F1BF24DE1A2E00662D30 /* CH-TestingTests */,
				0C35F1CA24DE1A2E00662D30 /* CH-TestingUITests */,
			);
		};
/* End PBXProject section */

/* Begin PBXResourcesBuildPhase section */
		0C35F1A824DE1A2C00662D30 /* Resources */ = {
			isa = PBXResourcesBuildPhase;
			buildActionMask = 2147483647;
			files = (
				0C35F1BA24DE1A2D00662D30 /* LaunchScreen.storyboard in Resources */,
				0C35F1B724DE1A2D00662D30 /* Assets.xcassets in Resources */,
				0C35F1B524DE1A2C00662D30 /* Main.storyboard in Resources */,
				0C292E1724DE2FFA00DDDFFB /* main.jsbundle in Resources */,
			);
			runOnlyForDeploymentPostprocessing = 0;
		};
		0C35F1BE24DE1A2E00662D30 /* Resources */ = {
			isa = PBXResourcesBuildPhase;
			buildActionMask = 2147483647;
			files = (
			);
			runOnlyForDeploymentPostprocessing = 0;
		};
		0C35F1C924DE1A2E00662D30 /* Resources */ = {
			isa = PBXResourcesBuildPhase;
			buildActionMask = 2147483647;
			files = (
			);
			runOnlyForDeploymentPostprocessing = 0;
		};
/* End PBXResourcesBuildPhase section */

/* Begin PBXShellScriptBuildPhase section */
		0B48BF7A12A6E863FBB32EC0 /* [CP] Check Pods Manifest.lock */ = {
			isa = PBXShellScriptBuildPhase;
			buildActionMask = 2147483647;
			files = (
			);
			inputFileListPaths = (
			);
			inputPaths = (
				"${PODS_PODFILE_DIR_PATH}/Podfile.lock",
				"${PODS_ROOT}/Manifest.lock",
			);
			name = "[CP] Check Pods Manifest.lock";
			outputFileListPaths = (
			);
			outputPaths = (
				"$(DERIVED_FILE_DIR)/Pods-CH-Testing-CH-TestingUITests-checkManifestLockResult.txt",
			);
			runOnlyForDeploymentPostprocessing = 0;
			shellPath = /bin/sh;
			shellScript = "diff \"${PODS_PODFILE_DIR_PATH}/Podfile.lock\" \"${PODS_ROOT}/Manifest.lock\" > /dev/null\nif [ $? != 0 ] ; then\n    # print error to STDERR\n    echo \"error: The sandbox is not in sync with the Podfile.lock. Run 'pod install' or update your CocoaPods installation.\" >&2\n    exit 1\nfi\n# This output is used by Xcode 'outputs' to avoid re-running this script phase.\necho \"SUCCESS\" > \"${SCRIPT_OUTPUT_FILE_0}\"\n";
			showEnvVarsInLog = 0;
		};
		14E4683D9D795663C26A963E /* [CP] Check Pods Manifest.lock */ = {
			isa = PBXShellScriptBuildPhase;
			buildActionMask = 2147483647;
			files = (
			);
			inputFileListPaths = (
			);
			inputPaths = (
				"${PODS_PODFILE_DIR_PATH}/Podfile.lock",
				"${PODS_ROOT}/Manifest.lock",
			);
			name = "[CP] Check Pods Manifest.lock";
			outputFileListPaths = (
			);
			outputPaths = (
				"$(DERIVED_FILE_DIR)/Pods-CH-Testing-checkManifestLockResult.txt",
			);
			runOnlyForDeploymentPostprocessing = 0;
			shellPath = /bin/sh;
			shellScript = "diff \"${PODS_PODFILE_DIR_PATH}/Podfile.lock\" \"${PODS_ROOT}/Manifest.lock\" > /dev/null\nif [ $? != 0 ] ; then\n    # print error to STDERR\n    echo \"error: The sandbox is not in sync with the Podfile.lock. Run 'pod install' or update your CocoaPods installation.\" >&2\n    exit 1\nfi\n# This output is used by Xcode 'outputs' to avoid re-running this script phase.\necho \"SUCCESS\" > \"${SCRIPT_OUTPUT_FILE_0}\"\n";
			showEnvVarsInLog = 0;
		};
		155EE9A683A2F11A60AC3177 /* [CP] Embed Pods Frameworks */ = {
			isa = PBXShellScriptBuildPhase;
			buildActionMask = 2147483647;
			files = (
			);
			inputFileListPaths = (
				"${PODS_ROOT}/Target Support Files/Pods-CH-Testing/Pods-CH-Testing-frameworks-${CONFIGURATION}-input-files.xcfilelist",
			);
			name = "[CP] Embed Pods Frameworks";
			outputFileListPaths = (
				"${PODS_ROOT}/Target Support Files/Pods-CH-Testing/Pods-CH-Testing-frameworks-${CONFIGURATION}-output-files.xcfilelist",
			);
			runOnlyForDeploymentPostprocessing = 0;
			shellPath = /bin/sh;
			shellScript = "\"${PODS_ROOT}/Target Support Files/Pods-CH-Testing/Pods-CH-Testing-frameworks.sh\"\n";
			showEnvVarsInLog = 0;
		};
		289BA3BC0F05BE5580D38711 /* [CP] Embed Pods Frameworks */ = {
			isa = PBXShellScriptBuildPhase;
			buildActionMask = 2147483647;
			files = (
			);
			inputFileListPaths = (
				"${PODS_ROOT}/Target Support Files/Pods-CH-Testing-CH-TestingUITests/Pods-CH-Testing-CH-TestingUITests-frameworks-${CONFIGURATION}-input-files.xcfilelist",
			);
			name = "[CP] Embed Pods Frameworks";
			outputFileListPaths = (
				"${PODS_ROOT}/Target Support Files/Pods-CH-Testing-CH-TestingUITests/Pods-CH-Testing-CH-TestingUITests-frameworks-${CONFIGURATION}-output-files.xcfilelist",
			);
			runOnlyForDeploymentPostprocessing = 0;
			shellPath = /bin/sh;
			shellScript = "\"${PODS_ROOT}/Target Support Files/Pods-CH-Testing-CH-TestingUITests/Pods-CH-Testing-CH-TestingUITests-frameworks.sh\"\n";
			showEnvVarsInLog = 0;
		};
		BB4CF6BC8309D18DDAAE67A5 /* [CP] Check Pods Manifest.lock */ = {
			isa = PBXShellScriptBuildPhase;
			buildActionMask = 2147483647;
			files = (
			);
			inputFileListPaths = (
			);
			inputPaths = (
				"${PODS_PODFILE_DIR_PATH}/Podfile.lock",
				"${PODS_ROOT}/Manifest.lock",
			);
			name = "[CP] Check Pods Manifest.lock";
			outputFileListPaths = (
			);
			outputPaths = (
				"$(DERIVED_FILE_DIR)/Pods-CH-TestingTests-checkManifestLockResult.txt",
			);
			runOnlyForDeploymentPostprocessing = 0;
			shellPath = /bin/sh;
			shellScript = "diff \"${PODS_PODFILE_DIR_PATH}/Podfile.lock\" \"${PODS_ROOT}/Manifest.lock\" > /dev/null\nif [ $? != 0 ] ; then\n    # print error to STDERR\n    echo \"error: The sandbox is not in sync with the Podfile.lock. Run 'pod install' or update your CocoaPods installation.\" >&2\n    exit 1\nfi\n# This output is used by Xcode 'outputs' to avoid re-running this script phase.\necho \"SUCCESS\" > \"${SCRIPT_OUTPUT_FILE_0}\"\n";
			showEnvVarsInLog = 0;
		};
/* End PBXShellScriptBuildPhase section */

/* Begin PBXSourcesBuildPhase section */
		0C35F1A624DE1A2C00662D30 /* Sources */ = {
			isa = PBXSourcesBuildPhase;
			buildActionMask = 2147483647;
			files = (
				0C35F1E024DE1D5A00662D30 /* _TextbookViewController.swift in Sources */,
				0C35F1B224DE1A2C00662D30 /* HomeViewController.swift in Sources */,
				0C35F1AE24DE1A2C00662D30 /* AppDelegate.swift in Sources */,
				0C292E1924DE4AF500DDDFFB /* RNViewManager.swift in Sources */,
				0C35F1B024DE1A2C00662D30 /* SceneDelegate.swift in Sources */,
			);
			runOnlyForDeploymentPostprocessing = 0;
		};
		0C35F1BC24DE1A2E00662D30 /* Sources */ = {
			isa = PBXSourcesBuildPhase;
			buildActionMask = 2147483647;
			files = (
				0C35F1C524DE1A2E00662D30 /* CH_TestingTests.swift in Sources */,
			);
			runOnlyForDeploymentPostprocessing = 0;
		};
		0C35F1C724DE1A2E00662D30 /* Sources */ = {
			isa = PBXSourcesBuildPhase;
			buildActionMask = 2147483647;
			files = (
				0C35F1D024DE1A2E00662D30 /* CH_TestingUITests.swift in Sources */,
			);
			runOnlyForDeploymentPostprocessing = 0;
		};
/* End PBXSourcesBuildPhase section */

/* Begin PBXTargetDependency section */
		0C35F1C224DE1A2E00662D30 /* PBXTargetDependency */ = {
			isa = PBXTargetDependency;
			target = 0C35F1A924DE1A2C00662D30 /* CH-Testing */;
			targetProxy = 0C35F1C124DE1A2E00662D30 /* PBXContainerItemProxy */;
		};
		0C35F1CD24DE1A2E00662D30 /* PBXTargetDependency */ = {
			isa = PBXTargetDependency;
			target = 0C35F1A924DE1A2C00662D30 /* CH-Testing */;
			targetProxy = 0C35F1CC24DE1A2E00662D30 /* PBXContainerItemProxy */;
		};
/* End PBXTargetDependency section */

/* Begin PBXVariantGroup section */
		0C35F1B324DE1A2C00662D30 /* Main.storyboard */ = {
			isa = PBXVariantGroup;
			children = (
				0C35F1B424DE1A2C00662D30 /* Base */,
			);
			name = Main.storyboard;
			sourceTree = "<group>";
		};
		0C35F1B824DE1A2D00662D30 /* LaunchScreen.storyboard */ = {
			isa = PBXVariantGroup;
			children = (
				0C35F1B924DE1A2D00662D30 /* Base */,
			);
			name = LaunchScreen.storyboard;
			sourceTree = "<group>";
		};
/* End PBXVariantGroup section */

/* Begin XCBuildConfiguration section */
		0C35F1D224DE1A2E00662D30 /* Debug */ = {
			isa = XCBuildConfiguration;
			buildSettings = {
				ALWAYS_SEARCH_USER_PATHS = NO;
				CLANG_ANALYZER_NONNULL = YES;
				CLANG_ANALYZER_NUMBER_OBJECT_CONVERSION = YES_AGGRESSIVE;
				CLANG_CXX_LANGUAGE_STANDARD = "gnu++14";
				CLANG_CXX_LIBRARY = "libc++";
				CLANG_ENABLE_MODULES = YES;
				CLANG_ENABLE_OBJC_ARC = YES;
				CLANG_ENABLE_OBJC_WEAK = YES;
				CLANG_WARN_BLOCK_CAPTURE_AUTORELEASING = YES;
				CLANG_WARN_BOOL_CONVERSION = YES;
				CLANG_WARN_COMMA = YES;
				CLANG_WARN_CONSTANT_CONVERSION = YES;
				CLANG_WARN_DEPRECATED_OBJC_IMPLEMENTATIONS = YES;
				CLANG_WARN_DIRECT_OBJC_ISA_USAGE = YES_ERROR;
				CLANG_WARN_DOCUMENTATION_COMMENTS = YES;
				CLANG_WARN_EMPTY_BODY = YES;
				CLANG_WARN_ENUM_CONVERSION = YES;
				CLANG_WARN_INFINITE_RECURSION = YES;
				CLANG_WARN_INT_CONVERSION = YES;
				CLANG_WARN_NON_LITERAL_NULL_CONVERSION = YES;
				CLANG_WARN_OBJC_IMPLICIT_RETAIN_SELF = YES;
				CLANG_WARN_OBJC_LITERAL_CONVERSION = YES;
				CLANG_WARN_OBJC_ROOT_CLASS = YES_ERROR;
				CLANG_WARN_RANGE_LOOP_ANALYSIS = YES;
				CLANG_WARN_STRICT_PROTOTYPES = YES;
				CLANG_WARN_SUSPICIOUS_MOVE = YES;
				CLANG_WARN_UNGUARDED_AVAILABILITY = YES_AGGRESSIVE;
				CLANG_WARN_UNREACHABLE_CODE = YES;
				CLANG_WARN__DUPLICATE_METHOD_MATCH = YES;
				COPY_PHASE_STRIP = NO;
				DEBUG_INFORMATION_FORMAT = dwarf;
				ENABLE_STRICT_OBJC_MSGSEND = YES;
				ENABLE_TESTABILITY = YES;
				GCC_C_LANGUAGE_STANDARD = gnu11;
				GCC_DYNAMIC_NO_PIC = NO;
				GCC_NO_COMMON_BLOCKS = YES;
				GCC_OPTIMIZATION_LEVEL = 0;
				GCC_PREPROCESSOR_DEFINITIONS = (
					"DEBUG=1",
					"$(inherited)",
				);
				GCC_WARN_64_TO_32_BIT_CONVERSION = YES;
				GCC_WARN_ABOUT_RETURN_TYPE = YES_ERROR;
				GCC_WARN_UNDECLARED_SELECTOR = YES;
				GCC_WARN_UNINITIALIZED_AUTOS = YES_AGGRESSIVE;
				GCC_WARN_UNUSED_FUNCTION = YES;
				GCC_WARN_UNUSED_VARIABLE = YES;
				IPHONEOS_DEPLOYMENT_TARGET = 13.6;
				MTL_ENABLE_DEBUG_INFO = INCLUDE_SOURCE;
				MTL_FAST_MATH = YES;
				ONLY_ACTIVE_ARCH = YES;
				SDKROOT = iphoneos;
				SWIFT_ACTIVE_COMPILATION_CONDITIONS = DEBUG;
				SWIFT_OPTIMIZATION_LEVEL = "-Onone";
			};
			name = Debug;
		};
		0C35F1D324DE1A2E00662D30 /* Release */ = {
			isa = XCBuildConfiguration;
			buildSettings = {
				ALWAYS_SEARCH_USER_PATHS = NO;
				CLANG_ANALYZER_NONNULL = YES;
				CLANG_ANALYZER_NUMBER_OBJECT_CONVERSION = YES_AGGRESSIVE;
				CLANG_CXX_LANGUAGE_STANDARD = "gnu++14";
				CLANG_CXX_LIBRARY = "libc++";
				CLANG_ENABLE_MODULES = YES;
				CLANG_ENABLE_OBJC_ARC = YES;
				CLANG_ENABLE_OBJC_WEAK = YES;
				CLANG_WARN_BLOCK_CAPTURE_AUTORELEASING = YES;
				CLANG_WARN_BOOL_CONVERSION = YES;
				CLANG_WARN_COMMA = YES;
				CLANG_WARN_CONSTANT_CONVERSION = YES;
				CLANG_WARN_DEPRECATED_OBJC_IMPLEMENTATIONS = YES;
				CLANG_WARN_DIRECT_OBJC_ISA_USAGE = YES_ERROR;
				CLANG_WARN_DOCUMENTATION_COMMENTS = YES;
				CLANG_WARN_EMPTY_BODY = YES;
				CLANG_WARN_ENUM_CONVERSION = YES;
				CLANG_WARN_INFINITE_RECURSION = YES;
				CLANG_WARN_INT_CONVERSION = YES;
				CLANG_WARN_NON_LITERAL_NULL_CONVERSION = YES;
				CLANG_WARN_OBJC_IMPLICIT_RETAIN_SELF = YES;
				CLANG_WARN_OBJC_LITERAL_CONVERSION = YES;
				CLANG_WARN_OBJC_ROOT_CLASS = YES_ERROR;
				CLANG_WARN_RANGE_LOOP_ANALYSIS = YES;
				CLANG_WARN_STRICT_PROTOTYPES = YES;
				CLANG_WARN_SUSPICIOUS_MOVE = YES;
				CLANG_WARN_UNGUARDED_AVAILABILITY = YES_AGGRESSIVE;
				CLANG_WARN_UNREACHABLE_CODE = YES;
				CLANG_WARN__DUPLICATE_METHOD_MATCH = YES;
				COPY_PHASE_STRIP = NO;
				DEBUG_INFORMATION_FORMAT = "dwarf-with-dsym";
				ENABLE_NS_ASSERTIONS = NO;
				ENABLE_STRICT_OBJC_MSGSEND = YES;
				GCC_C_LANGUAGE_STANDARD = gnu11;
				GCC_NO_COMMON_BLOCKS = YES;
				GCC_WARN_64_TO_32_BIT_CONVERSION = YES;
				GCC_WARN_ABOUT_RETURN_TYPE = YES_ERROR;
				GCC_WARN_UNDECLARED_SELECTOR = YES;
				GCC_WARN_UNINITIALIZED_AUTOS = YES_AGGRESSIVE;
				GCC_WARN_UNUSED_FUNCTION = YES;
				GCC_WARN_UNUSED_VARIABLE = YES;
				IPHONEOS_DEPLOYMENT_TARGET = 13.6;
				MTL_ENABLE_DEBUG_INFO = NO;
				MTL_FAST_MATH = YES;
				SDKROOT = iphoneos;
				SWIFT_COMPILATION_MODE = wholemodule;
				SWIFT_OPTIMIZATION_LEVEL = "-O";
				VALIDATE_PRODUCT = YES;
			};
			name = Release;
		};
		0C35F1D524DE1A2E00662D30 /* Debug */ = {
			isa = XCBuildConfiguration;
			baseConfigurationReference = D768B08250EC310143EB655A /* Pods-CH-Testing.debug.xcconfig */;
			buildSettings = {
				ASSETCATALOG_COMPILER_APPICON_NAME = AppIcon;
				CODE_SIGN_STYLE = Automatic;
				INFOPLIST_FILE = "CH-Testing/Info.plist";
				LD_RUNPATH_SEARCH_PATHS = (
					"$(inherited)",
					"@executable_path/Frameworks",
				);
				PRODUCT_BUNDLE_IDENTIFIER = "harbolaez.CH-Testing";
				PRODUCT_NAME = "$(TARGET_NAME)";
				SWIFT_VERSION = 5.0;
				TARGETED_DEVICE_FAMILY = "1,2";
			};
			name = Debug;
		};
		0C35F1D624DE1A2E00662D30 /* Release */ = {
			isa = XCBuildConfiguration;
			baseConfigurationReference = 624618E4843AB6ECFB3D69B6 /* Pods-CH-Testing.release.xcconfig */;
			buildSettings = {
				ASSETCATALOG_COMPILER_APPICON_NAME = AppIcon;
				CODE_SIGN_STYLE = Automatic;
				INFOPLIST_FILE = "CH-Testing/Info.plist";
				LD_RUNPATH_SEARCH_PATHS = (
					"$(inherited)",
					"@executable_path/Frameworks",
				);
				PRODUCT_BUNDLE_IDENTIFIER = "harbolaez.CH-Testing";
				PRODUCT_NAME = "$(TARGET_NAME)";
				SWIFT_VERSION = 5.0;
				TARGETED_DEVICE_FAMILY = "1,2";
			};
			name = Release;
		};
		0C35F1D824DE1A2E00662D30 /* Debug */ = {
			isa = XCBuildConfiguration;
			baseConfigurationReference = 6B941618F67F9D245D41D747 /* Pods-CH-TestingTests.debug.xcconfig */;
			buildSettings = {
				ALWAYS_EMBED_SWIFT_STANDARD_LIBRARIES = YES;
				BUNDLE_LOADER = "$(TEST_HOST)";
				CODE_SIGN_STYLE = Automatic;
				INFOPLIST_FILE = "CH-TestingTests/Info.plist";
				IPHONEOS_DEPLOYMENT_TARGET = 13.6;
				LD_RUNPATH_SEARCH_PATHS = (
					"$(inherited)",
					"@executable_path/Frameworks",
					"@loader_path/Frameworks",
				);
				PRODUCT_BUNDLE_IDENTIFIER = "harbolaez.CH-TestingTests";
				PRODUCT_NAME = "$(TARGET_NAME)";
				SWIFT_VERSION = 5.0;
				TARGETED_DEVICE_FAMILY = "1,2";
				TEST_HOST = "$(BUILT_PRODUCTS_DIR)/CH-Testing.app/CH-Testing";
			};
			name = Debug;
		};
		0C35F1D924DE1A2E00662D30 /* Release */ = {
			isa = XCBuildConfiguration;
			baseConfigurationReference = D6B23D40034B4C0433312CFA /* Pods-CH-TestingTests.release.xcconfig */;
			buildSettings = {
				ALWAYS_EMBED_SWIFT_STANDARD_LIBRARIES = YES;
				BUNDLE_LOADER = "$(TEST_HOST)";
				CODE_SIGN_STYLE = Automatic;
				INFOPLIST_FILE = "CH-TestingTests/Info.plist";
				IPHONEOS_DEPLOYMENT_TARGET = 13.6;
				LD_RUNPATH_SEARCH_PATHS = (
					"$(inherited)",
					"@executable_path/Frameworks",
					"@loader_path/Frameworks",
				);
				PRODUCT_BUNDLE_IDENTIFIER = "harbolaez.CH-TestingTests";
				PRODUCT_NAME = "$(TARGET_NAME)";
				SWIFT_VERSION = 5.0;
				TARGETED_DEVICE_FAMILY = "1,2";
				TEST_HOST = "$(BUILT_PRODUCTS_DIR)/CH-Testing.app/CH-Testing";
			};
			name = Release;
		};
		0C35F1DB24DE1A2E00662D30 /* Debug */ = {
			isa = XCBuildConfiguration;
			baseConfigurationReference = 2A10D41242F5B02AB104E5AD /* Pods-CH-Testing-CH-TestingUITests.debug.xcconfig */;
			buildSettings = {
				ALWAYS_EMBED_SWIFT_STANDARD_LIBRARIES = YES;
				CODE_SIGN_STYLE = Automatic;
				INFOPLIST_FILE = "CH-TestingUITests/Info.plist";
				LD_RUNPATH_SEARCH_PATHS = (
					"$(inherited)",
					"@executable_path/Frameworks",
					"@loader_path/Frameworks",
				);
				PRODUCT_BUNDLE_IDENTIFIER = "harbolaez.CH-TestingUITests";
				PRODUCT_NAME = "$(TARGET_NAME)";
				SWIFT_VERSION = 5.0;
				TARGETED_DEVICE_FAMILY = "1,2";
				TEST_TARGET_NAME = "CH-Testing";
			};
			name = Debug;
		};
		0C35F1DC24DE1A2E00662D30 /* Release */ = {
			isa = XCBuildConfiguration;
			baseConfigurationReference = 4B98F0DDD9D6717EEA570643 /* Pods-CH-Testing-CH-TestingUITests.release.xcconfig */;
			buildSettings = {
				ALWAYS_EMBED_SWIFT_STANDARD_LIBRARIES = YES;
				CODE_SIGN_STYLE = Automatic;
				INFOPLIST_FILE = "CH-TestingUITests/Info.plist";
				LD_RUNPATH_SEARCH_PATHS = (
					"$(inherited)",
					"@executable_path/Frameworks",
					"@loader_path/Frameworks",
				);
				PRODUCT_BUNDLE_IDENTIFIER = "harbolaez.CH-TestingUITests";
				PRODUCT_NAME = "$(TARGET_NAME)";
				SWIFT_VERSION = 5.0;
				TARGETED_DEVICE_FAMILY = "1,2";
				TEST_TARGET_NAME = "CH-Testing";
			};
			name = Release;
		};
/* End XCBuildConfiguration section */

/* Begin XCConfigurationList section */
		0C35F1A524DE1A2C00662D30 /* Build configuration list for PBXProject "CH-Testing" */ = {
			isa = XCConfigurationList;
			buildConfigurations = (
				0C35F1D224DE1A2E00662D30 /* Debug */,
				0C35F1D324DE1A2E00662D30 /* Release */,
			);
			defaultConfigurationIsVisible = 0;
			defaultConfigurationName = Release;
		};
		0C35F1D424DE1A2E00662D30 /* Build configuration list for PBXNativeTarget "CH-Testing" */ = {
			isa = XCConfigurationList;
			buildConfigurations = (
				0C35F1D524DE1A2E00662D30 /* Debug */,
				0C35F1D624DE1A2E00662D30 /* Release */,
			);
			defaultConfigurationIsVisible = 0;
			defaultConfigurationName = Release;
		};
		0C35F1D724DE1A2E00662D30 /* Build configuration list for PBXNativeTarget "CH-TestingTests" */ = {
			isa = XCConfigurationList;
			buildConfigurations = (
				0C35F1D824DE1A2E00662D30 /* Debug */,
				0C35F1D924DE1A2E00662D30 /* Release */,
			);
			defaultConfigurationIsVisible = 0;
			defaultConfigurationName = Release;
		};
		0C35F1DA24DE1A2E00662D30 /* Build configuration list for PBXNativeTarget "CH-TestingUITests" */ = {
			isa = XCConfigurationList;
			buildConfigurations = (
				0C35F1DB24DE1A2E00662D30 /* Debug */,
				0C35F1DC24DE1A2E00662D30 /* Release */,
			);
			defaultConfigurationIsVisible = 0;
			defaultConfigurationName = Release;
		};
/* End XCConfigurationList section */
	};
	rootObject = 0C35F1A224DE1A2C00662D30 /* Project object */;
}
